# This file is automatically @generated by Cargo.
# It is not intended for manual editing.
version = 4

[[package]]
name = "rogos"
version = "0.1.0"

[[package]]
name = "rogos-actor"
version = "0.1.0"

[[package]]
name = "rogos-client"
version = "0.1.0"

[[package]]
name = "rogos-dashboard"
version = "0.1.0"

[[package]]
name = "rogos-schema"
version = "0.1.0"

[[package]]
name = "rogos-server"
version = "0.1.0"

[[package]]
name = "rogos-store"
version = "0.1.0"

[[package]]
name = "rogos-testing"
version = "0.1.0"
